
Microsoft Visual Studio Solution File, Format Version 12.00
# Visual Studio Version 16
VisualStudioVersion = 16.0.30320.27
MinimumVisualStudioVersion = 10.0.40219.1
Project("{FAE04EC0-301F-11D3-BF4B-00C04F79EFBC}") = "My Finance app", "My Finance app\My Finance app.csproj", "{AF66E8A1-9D70-4BAF-B73C-3F998AD5A4B6}"
EndProject
Project("{FAE04EC0-301F-11D3-BF4B-00C04F79EFBC}") = "Engine", "Engine\Engine.csproj", "{86065C5C-5751-4C69-AB6F-5A802A6BDE29}"
EndProject
Project("{FAE04EC0-301F-11D3-BF4B-00C04F79EFBC}") = "EngineTest", "EngineTest\EngineTest.csproj", "{18BE2BC2-78F2-4FE8-935C-B92536C39026}"
EndProject
Global
	GlobalSection(SolutionConfigurationPlatforms) = preSolution
		Debug|Any CPU = Debug|Any CPU
		Release|Any CPU = Release|Any CPU
	EndGlobalSection
	GlobalSection(ProjectConfigurationPlatforms) = postSolution
		{AF66E8A1-9D70-4BAF-B73C-3F998AD5A4B6}.Debug|Any CPU.ActiveCfg = Debug|Any CPU
		{AF66E8A1-9D70-4BAF-B73C-3F998AD5A4B6}.Debug|Any CPU.Build.0 = Debug|Any CPU
		{AF66E8A1-9D70-4BAF-B73C-3F998AD5A4B6}.Release|Any CPU.ActiveCfg = Release|Any CPU
		{AF66E8A1-9D70-4BAF-B73C-3F998AD5A4B6}.Release|Any CPU.Build.0 = Release|Any CPU
		{AF66E8A1-9D70-4BAF-B73C-3F998AD5A4B6}.Release|Any CPU.Deploy.0 = Release|Any CPU
		{86065C5C-5751-4C69-AB6F-5A802A6BDE29}.Debug|Any CPU.ActiveCfg = Debug|Any CPU
		{86065C5C-5751-4C69-AB6F-5A802A6BDE29}.Debug|Any CPU.Build.0 = Debug|Any CPU
		{86065C5C-5751-4C69-AB6F-5A802A6BDE29}.Release|Any CPU.ActiveCfg = Release|Any CPU
		{86065C5C-5751-4C69-AB6F-5A802A6BDE29}.Release|Any CPU.Build.0 = Release|Any CPU
		{86065C5C-5751-4C69-AB6F-5A802A6BDE29}.Release|Any CPU.Deploy.0 = Release|Any CPU
		{18BE2BC2-78F2-4FE8-935C-B92536C39026}.Debug|Any CPU.ActiveCfg = Debug|Any CPU
		{18BE2BC2-78F2-4FE8-935C-B92536C39026}.Debug|Any CPU.Build.0 = Debug|Any CPU
		{18BE2BC2-78F2-4FE8-935C-B92536C39026}.Release|Any CPU.ActiveCfg = Release|Any CPU
		{18BE2BC2-78F2-4FE8-935C-B92536C39026}.Release|Any CPU.Build.0 = Release|Any CPU
	EndGlobalSection
	GlobalSection(SolutionProperties) = preSolution
		HideSolutionNode = FALSE
	EndGlobalSection
	GlobalSection(ExtensibilityGlobals) = postSolution
		SolutionGuid = {B7CC7A90-64FC-4B56-B0D5-ABBEDCEF745D}
	EndGlobalSection
EndGlobal
